
Microsoft Visual Studio Solution File, Format Version 12.00
# Visual Studio Version 17
VisualStudioVersion = 17.0.32112.339
MinimumVisualStudioVersion = 10.0.40219.1
Project("{FAE04EC0-301F-11D3-BF4B-00C04F79EFBC}") = "ProyectoII_Tiquete_bus", "ProyectoII_Tiquete_bus.csproj", "{CE1754E6-978D-4171-B5CC-1BF094E42383}"
EndProject
Global
	GlobalSection(SolutionConfigurationPlatforms) = preSolution
		Debug|Any CPU = Debug|Any CPU
		Release|Any CPU = Release|Any CPU
	EndGlobalSection
	GlobalSection(ProjectConfigurationPlatforms) = postSolution
		{CE1754E6-978D-4171-B5CC-1BF094E42383}.Debug|Any CPU.ActiveCfg = Debug|Any CPU
		{CE1754E6-978D-4171-B5CC-1BF094E42383}.Debug|Any CPU.Build.0 = Debug|Any CPU
		{CE1754E6-978D-4171-B5CC-1BF094E42383}.Release|Any CPU.ActiveCfg = Release|Any CPU
		{CE1754E6-978D-4171-B5CC-1BF094E42383}.Release|Any CPU.Build.0 = Release|Any CPU
	EndGlobalSection
	GlobalSection(SolutionProperties) = preSolution
		HideSolutionNode = FALSE
	EndGlobalSection
	GlobalSection(ExtensibilityGlobals) = postSolution
		SolutionGuid = {7C9139D7-6563-43C1-84A1-079CCC858CFC}
	EndGlobalSection
EndGlobal
